
Microsoft Visual Studio Solution File, Format Version 12.00
# Visual Studio Version 16
VisualStudioVersion = 16.0.28803.156
MinimumVisualStudioVersion = 10.0.40219.1
Project("{FAE04EC0-301F-11D3-BF4B-00C04F79EFBC}") = "Dbolilyi", "Dbolilyi\Dbolilyi.csproj", "{EF4B312D-2F90-4041-BF33-DDD94067FBFA}"
EndProject
Global
	GlobalSection(SolutionConfigurationPlatforms) = preSolution
		Debug|Any CPU = Debug|Any CPU
		Release|Any CPU = Release|Any CPU
	EndGlobalSection
	GlobalSection(ProjectConfigurationPlatforms) = postSolution
		{EF4B312D-2F90-4041-BF33-DDD94067FBFA}.Debug|Any CPU.ActiveCfg = Debug|Any CPU
		{EF4B312D-2F90-4041-BF33-DDD94067FBFA}.Debug|Any CPU.Build.0 = Debug|Any CPU
		{EF4B312D-2F90-4041-BF33-DDD94067FBFA}.Release|Any CPU.ActiveCfg = Release|Any CPU
		{EF4B312D-2F90-4041-BF33-DDD94067FBFA}.Release|Any CPU.Build.0 = Release|Any CPU
	EndGlobalSection
	GlobalSection(SolutionProperties) = preSolution
		HideSolutionNode = FALSE
	EndGlobalSection
	GlobalSection(ExtensibilityGlobals) = postSolution
		SolutionGuid = {E04CFD06-0109-4F7D-87C5-966E16C8B70B}
	EndGlobalSection
EndGlobal
